
Microsoft Visual Studio Solution File, Format Version 11.00
# Visual C++ Express 2010
Project("{8BC9CEB8-8B4A-11D0-8D11-00A0C91BC942}") = "DLL_VESTAS_R0p0", "DLL_VESTAS_R0p0\DLL_VESTAS_R0p0.vcxproj", "{F2F54C3F-4AEA-4CA8-9163-C9CA11B4CCCB}"
EndProject
Global
	GlobalSection(SolutionConfigurationPlatforms) = preSolution
		Debug|Win32 = Debug|Win32
		Release|Win32 = Release|Win32
	EndGlobalSection
	GlobalSection(ProjectConfigurationPlatforms) = postSolution
		{F2F54C3F-4AEA-4CA8-9163-C9CA11B4CCCB}.Debug|Win32.ActiveCfg = Debug|Win32
		{F2F54C3F-4AEA-4CA8-9163-C9CA11B4CCCB}.Debug|Win32.Build.0 = Debug|Win32
		{F2F54C3F-4AEA-4CA8-9163-C9CA11B4CCCB}.Release|Win32.ActiveCfg = Release|Win32
		{F2F54C3F-4AEA-4CA8-9163-C9CA11B4CCCB}.Release|Win32.Build.0 = Release|Win32
	EndGlobalSection
	GlobalSection(SolutionProperties) = preSolution
		HideSolutionNode = FALSE
	EndGlobalSection
EndGlobal
